{
  "name": "kiwi.gl",
  "version": "0.1.2",
  "lockfileVersion": 1,
  "requires": true,
  "dependencies": {
    "kiwi.matrix": {
      "version": "0.2.4",
      "resolved": "https://registry.npmjs.org/kiwi.matrix/-/kiwi.matrix-0.2.4.tgz",
      "integrity": "sha1-bC8Wec8WirDxIuT8wfTG/4U4eAA=",
      "dev": true
    }
  }
}
